
Microsoft Visual Studio Solution File, Format Version 11.00
# Visual Studio 2010
Project("{FAE04EC0-301F-11D3-BF4B-00C04F79EFBC}") = "Web1", "Web1\Web1.csproj", "{5B485350-F9D2-4123-9349-4B143FB0E70A}"
EndProject
Global
	GlobalSection(SolutionConfigurationPlatforms) = preSolution
		Debug|Any CPU = Debug|Any CPU
		Release|Any CPU = Release|Any CPU
	EndGlobalSection
	GlobalSection(ProjectConfigurationPlatforms) = postSolution
		{5B485350-F9D2-4123-9349-4B143FB0E70A}.Debug|Any CPU.ActiveCfg = Debug|Any CPU
		{5B485350-F9D2-4123-9349-4B143FB0E70A}.Debug|Any CPU.Build.0 = Debug|Any CPU
		{5B485350-F9D2-4123-9349-4B143FB0E70A}.Release|Any CPU.ActiveCfg = Release|Any CPU
		{5B485350-F9D2-4123-9349-4B143FB0E70A}.Release|Any CPU.Build.0 = Release|Any CPU
	EndGlobalSection
	GlobalSection(SolutionProperties) = preSolution
		HideSolutionNode = FALSE
	EndGlobalSection
EndGlobal
